
Microsoft Visual Studio Solution File, Format Version 12.00
# Visual Studio Version 17
VisualStudioVersion = 17.14.36429.23
MinimumVisualStudioVersion = 10.0.40219.1
Project("{2150E333-8FDC-42A3-9474-1A3956D46DE8}") = "Task0", "Task0", "{02EA681E-C7D8-13C7-8484-4AC65E1B71E8}"
EndProject
Project("{FAE04EC0-301F-11D3-BF4B-00C04F79EFBC}") = "Tyuiu.GoryaevTT.Sprint4.Task0.V2", "Tyuiu.GoryaevTT.Sprint4.Task0.V2\Tyuiu.GoryaevTT.Sprint4.Task0.V2.csproj", "{797B2B88-B491-4C42-ADB0-B60DCEBBD805}"
EndProject
Project("{FAE04EC0-301F-11D3-BF4B-00C04F79EFBC}") = "Tyuiu.GoryaevTT.Sprint4.Task0.V2.Lib", "Tyuiu.GoryaevTT.Sprint4.Task0.V2.Lib\Tyuiu.GoryaevTT.Sprint4.Task0.V2.Lib.csproj", "{D93CC7E3-F01F-44C1-A402-7BC9C826CE95}"
EndProject
Project("{FAE04EC0-301F-11D3-BF4B-00C04F79EFBC}") = "Tyuiu.GoryaevTT.Sprint4.Task0.V2.Test", "Tyuiu.GoryaevTT.Sprint4.Task0.V2.Test\Tyuiu.GoryaevTT.Sprint4.Task0.V2.Test.csproj", "{C89FFC24-0F7C-4919-B6AB-F247D51AD691}"
EndProject
Project("{2150E333-8FDC-42A3-9474-1A3956D46DE8}") = "Task1", "Task1", "{E4BAF191-B4E7-47DB-9CF0-8503C43C85D5}"
EndProject
Project("{FAE04EC0-301F-11D3-BF4B-00C04F79EFBC}") = "Tyuiu.GoryaevTT.Sprint4.Task1.V25", "Tyuiu.GoryaevTT.Sprint4.Task1.V25\Tyuiu.GoryaevTT.Sprint4.Task1.V25.csproj", "{49399460-A3C1-4669-A492-A92A6041AF5D}"
EndProject
Project("{FAE04EC0-301F-11D3-BF4B-00C04F79EFBC}") = "Tyuiu.GoryaevTT.Sprint4.Task1.V25.Lib", "Tyuiu.GoryaevTT.Sprint4.Task1.V25.Lib\Tyuiu.GoryaevTT.Sprint4.Task1.V25.Lib.csproj", "{4DCAC6E7-B1E3-4B88-B2D3-5F0060C0F76F}"
EndProject
Project("{FAE04EC0-301F-11D3-BF4B-00C04F79EFBC}") = "Tyuiu.GoryaevTT.Sprint4.Task1.V25.Test", "Tyuiu.GoryaevTT.Sprint4.Task1.V25.Test\Tyuiu.GoryaevTT.Sprint4.Task1.V25.Test.csproj", "{3393A03E-8B49-4BCC-A709-E33E753736E3}"
EndProject
Project("{2150E333-8FDC-42A3-9474-1A3956D46DE8}") = "Task2", "Task2", "{D9C313A3-24D5-480E-9EF1-4C5D10EF0A7E}"
EndProject
Project("{FAE04EC0-301F-11D3-BF4B-00C04F79EFBC}") = "Tyuiu.GoryaevTT.Sprint4.Task2.V4", "Tyuiu.GoryaevTT.Sprint4.Task2.V4\Tyuiu.GoryaevTT.Sprint4.Task2.V4.csproj", "{A263CDC8-F833-4A66-8920-263BECF07966}"
EndProject
Project("{FAE04EC0-301F-11D3-BF4B-00C04F79EFBC}") = "Tyuiu.GoryaevTT.Sprint4.Task2.V4.Lib", "Tyuiu.GoryaevTT.Sprint4.Task2.V4.Lib\Tyuiu.GoryaevTT.Sprint4.Task2.V4.Lib.csproj", "{5698CC55-FEE7-4E8D-8836-F39CF40E5344}"
EndProject
Project("{FAE04EC0-301F-11D3-BF4B-00C04F79EFBC}") = "Tyuiu.GoryaevTT.Sprint4.Task2.V4.Test", "Tyuiu.GoryaevTT.Sprint4.Task2.V4.Test\Tyuiu.GoryaevTT.Sprint4.Task2.V4.Test.csproj", "{232F692E-C5C1-4471-AB2B-BF7C101FC57A}"
EndProject
Project("{2150E333-8FDC-42A3-9474-1A3956D46DE8}") = "Task3", "Task3", "{B239AC02-102B-46E5-B570-501D64899029}"
EndProject
Project("{FAE04EC0-301F-11D3-BF4B-00C04F79EFBC}") = "Tyuiu.GoryaevTT.Sprint4.Task3.V22", "Tyuiu.GoryaevTT.Sprint4.Task3.V22\Tyuiu.GoryaevTT.Sprint4.Task3.V22.csproj", "{8B2AA35E-4A97-415D-B173-E10424769C5B}"
EndProject
Project("{FAE04EC0-301F-11D3-BF4B-00C04F79EFBC}") = "Tyuiu.GoryaevTT.Sprint4.Task3.V22.Lib", "Tyuiu.GoryaevTT.Sprint4.Task3.V22.Lib\Tyuiu.GoryaevTT.Sprint4.Task3.V22.Lib.csproj", "{97B78738-9C46-452F-AC4D-6EE0A89D3E17}"
EndProject
Project("{FAE04EC0-301F-11D3-BF4B-00C04F79EFBC}") = "Tyuiu.GoryaevTT.Sprint4.Task3.V22.Test", "Tyuiu.GoryaevTT.Sprint4.Task3.V22.Test\Tyuiu.GoryaevTT.Sprint4.Task3.V22.Test.csproj", "{E4B0AF57-5037-46BA-AEC2-438852A198B6}"
EndProject
Project("{2150E333-8FDC-42A3-9474-1A3956D46DE8}") = "Task4", "Task4", "{2931F2AE-FCEC-4C01-BAFB-C746A3FE6E9E}"
EndProject
Project("{FAE04EC0-301F-11D3-BF4B-00C04F79EFBC}") = "Tyuiu.GoryaevTT.Sprint4.Task4.V5", "Tyuiu.GoryaevTT.Sprint4.Task4.V5\Tyuiu.GoryaevTT.Sprint4.Task4.V5.csproj", "{17BC2582-BA7C-4875-AB23-53C05724D391}"
EndProject
Project("{FAE04EC0-301F-11D3-BF4B-00C04F79EFBC}") = "Tyuiu.GoryaevTT.Sprint4.Task4.V5.Lib", "Tyuiu.GoryaevTT.Sprint4.Task4.V5.Lib\Tyuiu.GoryaevTT.Sprint4.Task4.V5.Lib.csproj", "{36DC94D3-CBD4-487B-9D42-33026C7942D2}"
EndProject
Project("{FAE04EC0-301F-11D3-BF4B-00C04F79EFBC}") = "Tyuiu.GoryaevTT.Sprint4.Task4.V5.Test", "Tyuiu.GoryaevTT.Sprint4.Task4.V5.Test\Tyuiu.GoryaevTT.Sprint4.Task4.V5.Test.csproj", "{2DD3B449-F15B-4675-9FAF-102F0FC87911}"
EndProject
Project("{2150E333-8FDC-42A3-9474-1A3956D46DE8}") = "Task5", "Task5", "{81FC3B82-1EF5-49CD-B4FD-17F0965F97F9}"
EndProject
Project("{FAE04EC0-301F-11D3-BF4B-00C04F79EFBC}") = "Tyuiu.GoryaevTT.Sprint4.Task5.V28", "Tyuiu.GoryaevTT.Sprint4.Task5.V28\Tyuiu.GoryaevTT.Sprint4.Task5.V28.csproj", "{8DA300D8-D86D-4FDA-909B-5EBA4BB69AC2}"
EndProject
Project("{FAE04EC0-301F-11D3-BF4B-00C04F79EFBC}") = "Tyuiu.GoryaevTT.Sprint4.Task5.V28.Lib", "Tyuiu.GoryaevTT.Sprint4.Task5.V28.Lib\Tyuiu.GoryaevTT.Sprint4.Task5.V28.Lib.csproj", "{5F0F23E5-6B9A-43DC-A829-8E07430F8FAE}"
EndProject
Project("{FAE04EC0-301F-11D3-BF4B-00C04F79EFBC}") = "Tyuiu.GoryaevTT.Sprint4.Task5.V28.Test", "Tyuiu.GoryaevTT.Sprint4.Task5.V28.Test\Tyuiu.GoryaevTT.Sprint4.Task5.V28.Test.csproj", "{ECA8C813-5A8C-4EF0-B535-37A18A8871CF}"
EndProject
Global
	GlobalSection(SolutionConfigurationPlatforms) = preSolution
		Debug|Any CPU = Debug|Any CPU
		Release|Any CPU = Release|Any CPU
	EndGlobalSection
	GlobalSection(ProjectConfigurationPlatforms) = postSolution
		{797B2B88-B491-4C42-ADB0-B60DCEBBD805}.Debug|Any CPU.ActiveCfg = Debug|Any CPU
		{797B2B88-B491-4C42-ADB0-B60DCEBBD805}.Debug|Any CPU.Build.0 = Debug|Any CPU
		{797B2B88-B491-4C42-ADB0-B60DCEBBD805}.Release|Any CPU.ActiveCfg = Release|Any CPU
		{797B2B88-B491-4C42-ADB0-B60DCEBBD805}.Release|Any CPU.Build.0 = Release|Any CPU
		{D93CC7E3-F01F-44C1-A402-7BC9C826CE95}.Debug|Any CPU.ActiveCfg = Debug|Any CPU
		{D93CC7E3-F01F-44C1-A402-7BC9C826CE95}.Debug|Any CPU.Build.0 = Debug|Any CPU
		{D93CC7E3-F01F-44C1-A402-7BC9C826CE95}.Release|Any CPU.ActiveCfg = Release|Any CPU
		{D93CC7E3-F01F-44C1-A402-7BC9C826CE95}.Release|Any CPU.Build.0 = Release|Any CPU
		{C89FFC24-0F7C-4919-B6AB-F247D51AD691}.Debug|Any CPU.ActiveCfg = Debug|Any CPU
		{C89FFC24-0F7C-4919-B6AB-F247D51AD691}.Debug|Any CPU.Build.0 = Debug|Any CPU
		{C89FFC24-0F7C-4919-B6AB-F247D51AD691}.Release|Any CPU.ActiveCfg = Release|Any CPU
		{C89FFC24-0F7C-4919-B6AB-F247D51AD691}.Release|Any CPU.Build.0 = Release|Any CPU
		{49399460-A3C1-4669-A492-A92A6041AF5D}.Debug|Any CPU.ActiveCfg = Debug|Any CPU
		{49399460-A3C1-4669-A492-A92A6041AF5D}.Debug|Any CPU.Build.0 = Debug|Any CPU
		{49399460-A3C1-4669-A492-A92A6041AF5D}.Release|Any CPU.ActiveCfg = Release|Any CPU
		{49399460-A3C1-4669-A492-A92A6041AF5D}.Release|Any CPU.Build.0 = Release|Any CPU
		{4DCAC6E7-B1E3-4B88-B2D3-5F0060C0F76F}.Debug|Any CPU.ActiveCfg = Debug|Any CPU
		{4DCAC6E7-B1E3-4B88-B2D3-5F0060C0F76F}.Debug|Any CPU.Build.0 = Debug|Any CPU
		{4DCAC6E7-B1E3-4B88-B2D3-5F0060C0F76F}.Release|Any CPU.ActiveCfg = Release|Any CPU
		{4DCAC6E7-B1E3-4B88-B2D3-5F0060C0F76F}.Release|Any CPU.Build.0 = Release|Any CPU
		{3393A03E-8B49-4BCC-A709-E33E753736E3}.Debug|Any CPU.ActiveCfg = Debug|Any CPU
		{3393A03E-8B49-4BCC-A709-E33E753736E3}.Debug|Any CPU.Build.0 = Debug|Any CPU
		{3393A03E-8B49-4BCC-A709-E33E753736E3}.Release|Any CPU.ActiveCfg = Release|Any CPU
		{3393A03E-8B49-4BCC-A709-E33E753736E3}.Release|Any CPU.Build.0 = Release|Any CPU
		{A263CDC8-F833-4A66-8920-263BECF07966}.Debug|Any CPU.ActiveCfg = Debug|Any CPU
		{A263CDC8-F833-4A66-8920-263BECF07966}.Debug|Any CPU.Build.0 = Debug|Any CPU
		{A263CDC8-F833-4A66-8920-263BECF07966}.Release|Any CPU.ActiveCfg = Release|Any CPU
		{A263CDC8-F833-4A66-8920-263BECF07966}.Release|Any CPU.Build.0 = Release|Any CPU
		{5698CC55-FEE7-4E8D-8836-F39CF40E5344}.Debug|Any CPU.ActiveCfg = Debug|Any CPU
		{5698CC55-FEE7-4E8D-8836-F39CF40E5344}.Debug|Any CPU.Build.0 = Debug|Any CPU
		{5698CC55-FEE7-4E8D-8836-F39CF40E5344}.Release|Any CPU.ActiveCfg = Release|Any CPU
		{5698CC55-FEE7-4E8D-8836-F39CF40E5344}.Release|Any CPU.Build.0 = Release|Any CPU
		{232F692E-C5C1-4471-AB2B-BF7C101FC57A}.Debug|Any CPU.ActiveCfg = Debug|Any CPU
		{232F692E-C5C1-4471-AB2B-BF7C101FC57A}.Debug|Any CPU.Build.0 = Debug|Any CPU
		{232F692E-C5C1-4471-AB2B-BF7C101FC57A}.Release|Any CPU.ActiveCfg = Release|Any CPU
		{232F692E-C5C1-4471-AB2B-BF7C101FC57A}.Release|Any CPU.Build.0 = Release|Any CPU
		{8B2AA35E-4A97-415D-B173-E10424769C5B}.Debug|Any CPU.ActiveCfg = Debug|Any CPU
		{8B2AA35E-4A97-415D-B173-E10424769C5B}.Debug|Any CPU.Build.0 = Debug|Any CPU
		{8B2AA35E-4A97-415D-B173-E10424769C5B}.Release|Any CPU.ActiveCfg = Release|Any CPU
		{8B2AA35E-4A97-415D-B173-E10424769C5B}.Release|Any CPU.Build.0 = Release|Any CPU
		{97B78738-9C46-452F-AC4D-6EE0A89D3E17}.Debug|Any CPU.ActiveCfg = Debug|Any CPU
		{97B78738-9C46-452F-AC4D-6EE0A89D3E17}.Debug|Any CPU.Build.0 = Debug|Any CPU
		{97B78738-9C46-452F-AC4D-6EE0A89D3E17}.Release|Any CPU.ActiveCfg = Release|Any CPU
		{97B78738-9C46-452F-AC4D-6EE0A89D3E17}.Release|Any CPU.Build.0 = Release|Any CPU
		{E4B0AF57-5037-46BA-AEC2-438852A198B6}.Debug|Any CPU.ActiveCfg = Debug|Any CPU
		{E4B0AF57-5037-46BA-AEC2-438852A198B6}.Debug|Any CPU.Build.0 = Debug|Any CPU
		{E4B0AF57-5037-46BA-AEC2-438852A198B6}.Release|Any CPU.ActiveCfg = Release|Any CPU
		{E4B0AF57-5037-46BA-AEC2-438852A198B6}.Release|Any CPU.Build.0 = Release|Any CPU
		{17BC2582-BA7C-4875-AB23-53C05724D391}.Debug|Any CPU.ActiveCfg = Debug|Any CPU
		{17BC2582-BA7C-4875-AB23-53C05724D391}.Debug|Any CPU.Build.0 = Debug|Any CPU
		{17BC2582-BA7C-4875-AB23-53C05724D391}.Release|Any CPU.ActiveCfg = Release|Any CPU
		{17BC2582-BA7C-4875-AB23-53C05724D391}.Release|Any CPU.Build.0 = Release|Any CPU
		{36DC94D3-CBD4-487B-9D42-33026C7942D2}.Debug|Any CPU.ActiveCfg = Debug|Any CPU
		{36DC94D3-CBD4-487B-9D42-33026C7942D2}.Debug|Any CPU.Build.0 = Debug|Any CPU
		{36DC94D3-CBD4-487B-9D42-33026C7942D2}.Release|Any CPU.ActiveCfg = Release|Any CPU
		{36DC94D3-CBD4-487B-9D42-33026C7942D2}.Release|Any CPU.Build.0 = Release|Any CPU
		{2DD3B449-F15B-4675-9FAF-102F0FC87911}.Debug|Any CPU.ActiveCfg = Debug|Any CPU
		{2DD3B449-F15B-4675-9FAF-102F0FC87911}.Debug|Any CPU.Build.0 = Debug|Any CPU
		{2DD3B449-F15B-4675-9FAF-102F0FC87911}.Release|Any CPU.ActiveCfg = Release|Any CPU
		{2DD3B449-F15B-4675-9FAF-102F0FC87911}.Release|Any CPU.Build.0 = Release|Any CPU
		{8DA300D8-D86D-4FDA-909B-5EBA4BB69AC2}.Debug|Any CPU.ActiveCfg = Debug|Any CPU
		{8DA300D8-D86D-4FDA-909B-5EBA4BB69AC2}.Debug|Any CPU.Build.0 = Debug|Any CPU
		{8DA300D8-D86D-4FDA-909B-5EBA4BB69AC2}.Release|Any CPU.ActiveCfg = Release|Any CPU
		{8DA300D8-D86D-4FDA-909B-5EBA4BB69AC2}.Release|Any CPU.Build.0 = Release|Any CPU
		{5F0F23E5-6B9A-43DC-A829-8E07430F8FAE}.Debug|Any CPU.ActiveCfg = Debug|Any CPU
		{5F0F23E5-6B9A-43DC-A829-8E07430F8FAE}.Debug|Any CPU.Build.0 = Debug|Any CPU
		{5F0F23E5-6B9A-43DC-A829-8E07430F8FAE}.Release|Any CPU.ActiveCfg = Release|Any CPU
		{5F0F23E5-6B9A-43DC-A829-8E07430F8FAE}.Release|Any CPU.Build.0 = Release|Any CPU
		{ECA8C813-5A8C-4EF0-B535-37A18A8871CF}.Debug|Any CPU.ActiveCfg = Debug|Any CPU
		{ECA8C813-5A8C-4EF0-B535-37A18A8871CF}.Debug|Any CPU.Build.0 = Debug|Any CPU
		{ECA8C813-5A8C-4EF0-B535-37A18A8871CF}.Release|Any CPU.ActiveCfg = Release|Any CPU
		{ECA8C813-5A8C-4EF0-B535-37A18A8871CF}.Release|Any CPU.Build.0 = Release|Any CPU
	EndGlobalSection
	GlobalSection(SolutionProperties) = preSolution
		HideSolutionNode = FALSE
	EndGlobalSection
	GlobalSection(NestedProjects) = preSolution
		{797B2B88-B491-4C42-ADB0-B60DCEBBD805} = {02EA681E-C7D8-13C7-8484-4AC65E1B71E8}
		{D93CC7E3-F01F-44C1-A402-7BC9C826CE95} = {02EA681E-C7D8-13C7-8484-4AC65E1B71E8}
		{C89FFC24-0F7C-4919-B6AB-F247D51AD691} = {02EA681E-C7D8-13C7-8484-4AC65E1B71E8}
		{49399460-A3C1-4669-A492-A92A6041AF5D} = {E4BAF191-B4E7-47DB-9CF0-8503C43C85D5}
		{4DCAC6E7-B1E3-4B88-B2D3-5F0060C0F76F} = {E4BAF191-B4E7-47DB-9CF0-8503C43C85D5}
		{3393A03E-8B49-4BCC-A709-E33E753736E3} = {E4BAF191-B4E7-47DB-9CF0-8503C43C85D5}
		{A263CDC8-F833-4A66-8920-263BECF07966} = {D9C313A3-24D5-480E-9EF1-4C5D10EF0A7E}
		{5698CC55-FEE7-4E8D-8836-F39CF40E5344} = {D9C313A3-24D5-480E-9EF1-4C5D10EF0A7E}
		{232F692E-C5C1-4471-AB2B-BF7C101FC57A} = {D9C313A3-24D5-480E-9EF1-4C5D10EF0A7E}
		{8B2AA35E-4A97-415D-B173-E10424769C5B} = {B239AC02-102B-46E5-B570-501D64899029}
		{97B78738-9C46-452F-AC4D-6EE0A89D3E17} = {B239AC02-102B-46E5-B570-501D64899029}
		{E4B0AF57-5037-46BA-AEC2-438852A198B6} = {B239AC02-102B-46E5-B570-501D64899029}
		{17BC2582-BA7C-4875-AB23-53C05724D391} = {2931F2AE-FCEC-4C01-BAFB-C746A3FE6E9E}
		{36DC94D3-CBD4-487B-9D42-33026C7942D2} = {2931F2AE-FCEC-4C01-BAFB-C746A3FE6E9E}
		{2DD3B449-F15B-4675-9FAF-102F0FC87911} = {2931F2AE-FCEC-4C01-BAFB-C746A3FE6E9E}
		{8DA300D8-D86D-4FDA-909B-5EBA4BB69AC2} = {81FC3B82-1EF5-49CD-B4FD-17F0965F97F9}
		{5F0F23E5-6B9A-43DC-A829-8E07430F8FAE} = {81FC3B82-1EF5-49CD-B4FD-17F0965F97F9}
		{ECA8C813-5A8C-4EF0-B535-37A18A8871CF} = {81FC3B82-1EF5-49CD-B4FD-17F0965F97F9}
	EndGlobalSection
	GlobalSection(ExtensibilityGlobals) = postSolution
		SolutionGuid = {6A5B490C-F6BD-43FC-909C-72E38500CFC6}
	EndGlobalSection
EndGlobal
