
Microsoft Visual Studio Solution File, Format Version 12.00
# Visual Studio Version 17
VisualStudioVersion = 17.14.36429.23 d17.14
MinimumVisualStudioVersion = 10.0.40219.1
Project("{2150E333-8FDC-42A3-9474-1A3956D46DE8}") = "Task0", "Task0", "{02EA681E-C7D8-13C7-8484-4AC65E1B71E8}"
EndProject
Project("{FAE04EC0-301F-11D3-BF4B-00C04F79EFBC}") = "Tyuiu.GoryaevTT.Sprint4.Task0.V2", "Tyuiu.GoryaevTT.Sprint4.Task0.V2\Tyuiu.GoryaevTT.Sprint4.Task0.V2.csproj", "{797B2B88-B491-4C42-ADB0-B60DCEBBD805}"
EndProject
Project("{FAE04EC0-301F-11D3-BF4B-00C04F79EFBC}") = "Tyuiu.GoryaevTT.Sprint4.Task0.V2.Lib", "Tyuiu.GoryaevTT.Sprint4.Task0.V2.Lib\Tyuiu.GoryaevTT.Sprint4.Task0.V2.Lib.csproj", "{D93CC7E3-F01F-44C1-A402-7BC9C826CE95}"
EndProject
Project("{FAE04EC0-301F-11D3-BF4B-00C04F79EFBC}") = "Tyuiu.GoryaevTT.Sprint4.Task0.V2.Test", "Tyuiu.GoryaevTT.Sprint4.Task0.V2.Test\Tyuiu.GoryaevTT.Sprint4.Task0.V2.Test.csproj", "{C89FFC24-0F7C-4919-B6AB-F247D51AD691}"
EndProject
Project("{2150E333-8FDC-42A3-9474-1A3956D46DE8}") = "Task1", "Task1", "{E4BAF191-B4E7-47DB-9CF0-8503C43C85D5}"
EndProject
Project("{FAE04EC0-301F-11D3-BF4B-00C04F79EFBC}") = "Tyuiu.GoryaevTT.Sprint4.Task1.V25", "Tyuiu.GoryaevTT.Sprint4.Task1.V25\Tyuiu.GoryaevTT.Sprint4.Task1.V25.csproj", "{49399460-A3C1-4669-A492-A92A6041AF5D}"
EndProject
Project("{FAE04EC0-301F-11D3-BF4B-00C04F79EFBC}") = "Tyuiu.GoryaevTT.Sprint4.Task1.V25.Lib", "Tyuiu.GoryaevTT.Sprint4.Task1.V25.Lib\Tyuiu.GoryaevTT.Sprint4.Task1.V25.Lib.csproj", "{4DCAC6E7-B1E3-4B88-B2D3-5F0060C0F76F}"
EndProject
Project("{FAE04EC0-301F-11D3-BF4B-00C04F79EFBC}") = "Tyuiu.GoryaevTT.Sprint4.Task1.V25.Test", "Tyuiu.GoryaevTT.Sprint4.Task1.V25.Test\Tyuiu.GoryaevTT.Sprint4.Task1.V25.Test.csproj", "{3393A03E-8B49-4BCC-A709-E33E753736E3}"
EndProject
Global
	GlobalSection(SolutionConfigurationPlatforms) = preSolution
		Debug|Any CPU = Debug|Any CPU
		Release|Any CPU = Release|Any CPU
	EndGlobalSection
	GlobalSection(ProjectConfigurationPlatforms) = postSolution
		{797B2B88-B491-4C42-ADB0-B60DCEBBD805}.Debug|Any CPU.ActiveCfg = Debug|Any CPU
		{797B2B88-B491-4C42-ADB0-B60DCEBBD805}.Debug|Any CPU.Build.0 = Debug|Any CPU
		{797B2B88-B491-4C42-ADB0-B60DCEBBD805}.Release|Any CPU.ActiveCfg = Release|Any CPU
		{797B2B88-B491-4C42-ADB0-B60DCEBBD805}.Release|Any CPU.Build.0 = Release|Any CPU
		{D93CC7E3-F01F-44C1-A402-7BC9C826CE95}.Debug|Any CPU.ActiveCfg = Debug|Any CPU
		{D93CC7E3-F01F-44C1-A402-7BC9C826CE95}.Debug|Any CPU.Build.0 = Debug|Any CPU
		{D93CC7E3-F01F-44C1-A402-7BC9C826CE95}.Release|Any CPU.ActiveCfg = Release|Any CPU
		{D93CC7E3-F01F-44C1-A402-7BC9C826CE95}.Release|Any CPU.Build.0 = Release|Any CPU
		{C89FFC24-0F7C-4919-B6AB-F247D51AD691}.Debug|Any CPU.ActiveCfg = Debug|Any CPU
		{C89FFC24-0F7C-4919-B6AB-F247D51AD691}.Debug|Any CPU.Build.0 = Debug|Any CPU
		{C89FFC24-0F7C-4919-B6AB-F247D51AD691}.Release|Any CPU.ActiveCfg = Release|Any CPU
		{C89FFC24-0F7C-4919-B6AB-F247D51AD691}.Release|Any CPU.Build.0 = Release|Any CPU
		{49399460-A3C1-4669-A492-A92A6041AF5D}.Debug|Any CPU.ActiveCfg = Debug|Any CPU
		{49399460-A3C1-4669-A492-A92A6041AF5D}.Debug|Any CPU.Build.0 = Debug|Any CPU
		{49399460-A3C1-4669-A492-A92A6041AF5D}.Release|Any CPU.ActiveCfg = Release|Any CPU
		{49399460-A3C1-4669-A492-A92A6041AF5D}.Release|Any CPU.Build.0 = Release|Any CPU
		{4DCAC6E7-B1E3-4B88-B2D3-5F0060C0F76F}.Debug|Any CPU.ActiveCfg = Debug|Any CPU
		{4DCAC6E7-B1E3-4B88-B2D3-5F0060C0F76F}.Debug|Any CPU.Build.0 = Debug|Any CPU
		{4DCAC6E7-B1E3-4B88-B2D3-5F0060C0F76F}.Release|Any CPU.ActiveCfg = Release|Any CPU
		{4DCAC6E7-B1E3-4B88-B2D3-5F0060C0F76F}.Release|Any CPU.Build.0 = Release|Any CPU
		{3393A03E-8B49-4BCC-A709-E33E753736E3}.Debug|Any CPU.ActiveCfg = Debug|Any CPU
		{3393A03E-8B49-4BCC-A709-E33E753736E3}.Debug|Any CPU.Build.0 = Debug|Any CPU
		{3393A03E-8B49-4BCC-A709-E33E753736E3}.Release|Any CPU.ActiveCfg = Release|Any CPU
		{3393A03E-8B49-4BCC-A709-E33E753736E3}.Release|Any CPU.Build.0 = Release|Any CPU
	EndGlobalSection
	GlobalSection(SolutionProperties) = preSolution
		HideSolutionNode = FALSE
	EndGlobalSection
	GlobalSection(NestedProjects) = preSolution
		{797B2B88-B491-4C42-ADB0-B60DCEBBD805} = {02EA681E-C7D8-13C7-8484-4AC65E1B71E8}
		{D93CC7E3-F01F-44C1-A402-7BC9C826CE95} = {02EA681E-C7D8-13C7-8484-4AC65E1B71E8}
		{C89FFC24-0F7C-4919-B6AB-F247D51AD691} = {02EA681E-C7D8-13C7-8484-4AC65E1B71E8}
		{49399460-A3C1-4669-A492-A92A6041AF5D} = {E4BAF191-B4E7-47DB-9CF0-8503C43C85D5}
		{4DCAC6E7-B1E3-4B88-B2D3-5F0060C0F76F} = {E4BAF191-B4E7-47DB-9CF0-8503C43C85D5}
		{3393A03E-8B49-4BCC-A709-E33E753736E3} = {E4BAF191-B4E7-47DB-9CF0-8503C43C85D5}
	EndGlobalSection
	GlobalSection(ExtensibilityGlobals) = postSolution
		SolutionGuid = {6A5B490C-F6BD-43FC-909C-72E38500CFC6}
	EndGlobalSection
EndGlobal
